// !$*UTF8*$!
{
	archiveVersion = 1;
	classes = {
	};
	objectVersion = 46;
	objects = {

/* Begin PBXBuildFile section */
		910D4ABF1A1766D80014B181 /* main.m in Sources */ = {isa = PBXBuildFile; fileRef = 910D4ABE1A1766D80014B181 /* main.m */; };
		910D4AC21A1766D80014B181 /* AppDelegate.m in Sources */ = {isa = PBXBuildFile; fileRef = 910D4AC11A1766D80014B181 /* AppDelegate.m */; };
		910D4AC51A1766D80014B181 /* TestGitHub.xcdatamodeld in Sources */ = {isa = PBXBuildFile; fileRef = 910D4AC31A1766D80014B181 /* TestGitHub.xcdatamodeld */; };
		910D4AC81A1766D80014B181 /* ViewController.m in Sources */ = {isa = PBXBuildFile; fileRef = 910D4AC71A1766D80014B181 /* ViewController.m */; };
		910D4ACB1A1766D80014B181 /* Main.storyboard in Resources */ = {isa = PBXBuildFile; fileRef = 910D4AC91A1766D80014B181 /* Main.storyboard */; };
		910D4ACD1A1766D80014B181 /* Images.xcassets in Resources */ = {isa = PBXBuildFile; fileRef = 910D4ACC1A1766D80014B181 /* Images.xcassets */; };
		910D4AD01A1766D80014B181 /* LaunchScreen.xib in Resources */ = {isa = PBXBuildFile; fileRef = 910D4ACE1A1766D80014B181 /* LaunchScreen.xib */; };
		910D4ADC1A1766D90014B181 /* TestGitHubTests.m in Sources */ = {isa = PBXBuildFile; fileRef = 910D4ADB1A1766D90014B181 /* TestGitHubTests.m */; };
/* End PBXBuildFile section */

/* Begin PBXContainerItemProxy section */
		910D4AD61A1766D80014B181 /* PBXContainerItemProxy */ = {
			isa = PBXContainerItemProxy;
			containerPortal = 910D4AB11A1766D80014B181 /* Project object */;
			proxyType = 1;
			remoteGlobalIDString = 910D4AB81A1766D80014B181;
			remoteInfo = TestGitHub;
		};
/* End PBXContainerItemProxy section */

/* Begin PBXFileReference section */
		910D4AB91A1766D80014B181 /* TestGitHub.app */ = {isa = PBXFileReference; explicitFileType = wrapper.application; includeInIndex = 0; path = TestGitHub.app; sourceTree = BUILT_PRODUCTS_DIR; };
		910D4ABD1A1766D80014B181 /* Info.plist */ = {isa = PBXFileReference; lastKnownFileType = text.plist.xml; path = Info.plist; sourceTree = "<group>"; };
		910D4ABE1A1766D80014B181 /* main.m */ = {isa = PBXFileReference; lastKnownFileType = sourcecode.c.objc; path = main.m; sourceTree = "<group>"; };
		910D4AC01A1766D80014B181 /* AppDelegate.h */ = {isa = PBXFileReference; lastKnownFileType = sourcecode.c.h; path = AppDelegate.h; sourceTree = "<group>"; };
		910D4AC11A1766D80014B181 /* AppDelegate.m */ = {isa = PBXFileReference; lastKnownFileType = sourcecode.c.objc; path = AppDelegate.m; sourceTree = "<group>"; };
		910D4AC41A1766D80014B181 /* TestGitHub.xcdatamodel */ = {isa = PBXFileReference; lastKnownFileType = wrapper.xcdatamodel; path = TestGitHub.xcdatamodel; sourceTree = "<group>"; };
		910D4AC61A1766D80014B181 /* ViewController.h */ = {isa = PBXFileReference; lastKnownFileType = sourcecode.c.h; path = ViewController.h; sourceTree = "<group>"; };
		910D4AC71A1766D80014B181 /* ViewController.m */ = {isa = PBXFileReference; lastKnownFileType = sourcecode.c.objc; path = ViewController.m; sourceTree = "<group>"; };
		910D4ACA1A1766D80014B181 /* Base */ = {isa = PBXFileReference; lastKnownFileType = file.storyboard; name = Base; path = Base.lproj/Main.storyboard; sourceTree = "<group>"; };
		910D4ACC1A1766D80014B181 /* Images.xcassets */ = {isa = PBXFileReference; lastKnownFileType = folder.assetcatalog; path = Images.xcassets; sourceTree = "<group>"; };
		910D4ACF1A1766D80014B181 /* Base */ = {isa = PBXFileReference; lastKnownFileType = file.xib; name = Base; path = Base.lproj/LaunchScreen.xib; sourceTree = "<group>"; };
		910D4AD51A1766D80014B181 /* TestGitHubTests.xctest */ = {isa = PBXFileReference; explicitFileType = wrapper.cfbundle; includeInIndex = 0; path = TestGitHubTests.xctest; sourceTree = BUILT_PRODUCTS_DIR; };
		910D4ADA1A1766D90014B181 /* Info.plist */ = {isa = PBXFileReference; lastKnownFileType = text.plist.xml; path = Info.plist; sourceTree = "<group>"; };
		910D4ADB1A1766D90014B181 /* TestGitHubTests.m */ = {isa = PBXFileReference; lastKnownFileType = sourcecode.c.objc; path = TestGitHubTests.m; sourceTree = "<group>"; };
/* End PBXFileReference section */

/* Begin PBXFrameworksBuildPhase section */
		910D4AB61A1766D80014B181 /* Frameworks */ = {
			isa = PBXFrameworksBuildPhase;
			buildActionMask = 2147483647;
			files = (
			);
			runOnlyForDeploymentPostprocessing = 0;
		};
		910D4AD21A1766D80014B181 /* Frameworks */ = {
			isa = PBXFrameworksBuildPhase;
			buildActionMask = 2147483647;
			files = (
			);
			runOnlyForDeploymentPostprocessing = 0;
		};
/* End PBXFrameworksBuildPhase section */

/* Begin PBXGroup section */
		910D4AB01A1766D80014B181 = {
			isa = PBXGroup;
			children = (
				910D4ABB1A1766D80014B181 /* TestGitHub */,
				910D4AD81A1766D90014B181 /* TestGitHubTests */,
				910D4ABA1A1766D80014B181 /* Products */,
			);
			sourceTree = "<group>";
		};
		910D4ABA1A1766D80014B181 /* Products */ = {
			isa = PBXGroup;
			children = (
				910D4AB91A1766D80014B181 /* TestGitHub.app */,
				910D4AD51A1766D80014B181 /* TestGitHubTests.xctest */,
			);
			name = Products;
			sourceTree = "<group>";
		};
		910D4ABB1A1766D80014B181 /* TestGitHub */ = {
			isa = PBXGroup;
			children = (
				910D4AC01A1766D80014B181 /* AppDelegate.h */,
				910D4AC11A1766D80014B181 /* AppDelegate.m */,
				910D4AC61A1766D80014B181 /* ViewController.h */,
				910D4AC71A1766D80014B181 /* ViewController.m */,
				910D4AC91A1766D80014B181 /* Main.storyboard */,
				910D4ACC1A1766D80014B181 /* Images.xcassets */,
				910D4ACE1A1766D80014B181 /* LaunchScreen.xib */,
				910D4AC31A1766D80014B181 /* TestGitHub.xcdatamodeld */,
				910D4ABC1A1766D80014B181 /* Supporting Files */,
			);
			path = TestGitHub;
			sourceTree = "<group>";
		};
		910D4ABC1A1766D80014B181 /* Supporting Files */ = {
			isa = PBXGroup;
			children = (
				910D4ABD1A1766D80014B181 /* Info.plist */,
				910D4ABE1A1766D80014B181 /* main.m */,
			);
			name = "Supporting Files";
			sourceTree = "<group>";
		};
		910D4AD81A1766D90014B181 /* TestGitHubTests */ = {
			isa = PBXGroup;
			children = (
				910D4ADB1A1766D90014B181 /* TestGitHubTests.m */,
				910D4AD91A1766D90014B181 /* Supporting Files */,
			);
			path = TestGitHubTests;
			sourceTree = "<group>";
		};
		910D4AD91A1766D90014B181 /* Supporting Files */ = {
			isa = PBXGroup;
			children = (
				910D4ADA1A1766D90014B181 /* Info.plist */,
			);
			name = "Supporting Files";
			sourceTree = "<group>";
		};
/* End PBXGroup section */

/* Begin PBXNativeTarget section */
		910D4AB81A1766D80014B181 /* TestGitHub */ = {
			isa = PBXNativeTarget;
			buildConfigurationList = 910D4ADF1A1766D90014B181 /* Build configuration list for PBXNativeTarget "TestGitHub" */;
			buildPhases = (
				910D4AB51A1766D80014B181 /* Sources */,
				910D4AB61A1766D80014B181 /* Frameworks */,
				910D4AB71A1766D80014B181 /* Resources */,
			);
			buildRules = (
			);
			dependencies = (
			);
			name = TestGitHub;
			productName = TestGitHub;
			productReference = 910D4AB91A1766D80014B181 /* TestGitHub.app */;
			productType = "com.apple.product-type.application";
		};
		910D4AD41A1766D80014B181 /* TestGitHubTests */ = {
			isa = PBXNativeTarget;
			buildConfigurationList = 910D4AE21A1766D90014B181 /* Build configuration list for PBXNativeTarget "TestGitHubTests" */;
			buildPhases = (
				910D4AD11A1766D80014B181 /* Sources */,
				910D4AD21A1766D80014B181 /* Frameworks */,
				910D4AD31A1766D80014B181 /* Resources */,
			);
			buildRules = (
			);
			dependencies = (
				910D4AD71A1766D80014B181 /* PBXTargetDependency */,
			);
			name = TestGitHubTests;
			productName = TestGitHubTests;
			productReference = 910D4AD51A1766D80014B181 /* TestGitHubTests.xctest */;
			productType = "com.apple.product-type.bundle.unit-test";
		};
/* End PBXNativeTarget section */

/* Begin PBXProject section */
		910D4AB11A1766D80014B181 /* Project object */ = {
			isa = PBXProject;
			attributes = {
				LastUpgradeCheck = 0610;
				ORGANIZATIONNAME = Toro;
				TargetAttributes = {
					910D4AB81A1766D80014B181 = {
						CreatedOnToolsVersion = 6.1;
					};
					910D4AD41A1766D80014B181 = {
						CreatedOnToolsVersion = 6.1;
						TestTargetID = 910D4AB81A1766D80014B181;
					};
				};
			};
			buildConfigurationList = 910D4AB41A1766D80014B181 /* Build configuration list for PBXProject "TestGitHub" */;
			compatibilityVersion = "Xcode 3.2";
			developmentRegion = English;
			hasScannedForEncodings = 0;
			knownRegions = (
				en,
				Base,
			);
			mainGroup = 910D4AB01A1766D80014B181;
			productRefGroup = 910D4ABA1A1766D80014B181 /* Products */;
			projectDirPath = "";
			projectRoot = "";
			targets = (
				910D4AB81A1766D80014B181 /* TestGitHub */,
				910D4AD41A1766D80014B181 /* TestGitHubTests */,
			);
		};
/* End PBXProject section */

/* Begin PBXResourcesBuildPhase section */
		910D4AB71A1766D80014B181 /* Resources */ = {
			isa = PBXResourcesBuildPhase;
			buildActionMask = 2147483647;
			files = (
				910D4ACB1A1766D80014B181 /* Main.storyboard in Resources */,
				910D4AD01A1766D80014B181 /* LaunchScreen.xib in Resources */,
				910D4ACD1A1766D80014B181 /* Images.xcassets in Resources */,
			);
			runOnlyForDeploymentPostprocessing = 0;
		};
		910D4AD31A1766D80014B181 /* Resources */ = {
			isa = PBXResourcesBuildPhase;
			buildActionMask = 2147483647;
			files = (
			);
			runOnlyForDeploymentPostprocessing = 0;
		};
/* End PBXResourcesBuildPhase section */

/* Begin PBXSourcesBuildPhase section */
		910D4AB51A1766D80014B181 /* Sources */ = {
			isa = PBXSourcesBuildPhase;
			buildActionMask = 2147483647;
			files = (
				910D4AC21A1766D80014B181 /* AppDelegate.m in Sources */,
				910D4ABF1A1766D80014B181 /* main.m in Sources */,
				910D4AC81A1766D80014B181 /* ViewController.m in Sources */,
				910D4AC51A1766D80014B181 /* TestGitHub.xcdatamodeld in Sources */,
			);
			runOnlyForDeploymentPostprocessing = 0;
		};
		910D4AD11A1766D80014B181 /* Sources */ = {
			isa = PBXSourcesBuildPhase;
			buildActionMask = 2147483647;
			files = (
				910D4ADC1A1766D90014B181 /* TestGitHubTests.m in Sources */,
			);
			runOnlyForDeploymentPostprocessing = 0;
		};
/* End PBXSourcesBuildPhase section */

/* Begin PBXTargetDependency section */
		910D4AD71A1766D80014B181 /* PBXTargetDependency */ = {
			isa = PBXTargetDependency;
			target = 910D4AB81A1766D80014B181 /* TestGitHub */;
			targetProxy = 910D4AD61A1766D80014B181 /* PBXContainerItemProxy */;
		};
/* End PBXTargetDependency section */

/* Begin PBXVariantGroup section */
		910D4AC91A1766D80014B181 /* Main.storyboard */ = {
			isa = PBXVariantGroup;
			children = (
				910D4ACA1A1766D80014B181 /* Base */,
			);
			name = Main.storyboard;
			sourceTree = "<group>";
		};
		910D4ACE1A1766D80014B181 /* LaunchScreen.xib */ = {
			isa = PBXVariantGroup;
			children = (
				910D4ACF1A1766D80014B181 /* Base */,
			);
			name = LaunchScreen.xib;
			sourceTree = "<group>";
		};
/* End PBXVariantGroup section */

/* Begin XCBuildConfiguration section */
		910D4ADD1A1766D90014B181 /* Debug */ = {
			isa = XCBuildConfiguration;
			buildSettings = {
				ALWAYS_SEARCH_USER_PATHS = NO;
				CLANG_CXX_LANGUAGE_STANDARD = "gnu++0x";
				CLANG_CXX_LIBRARY = "libc++";
				CLANG_ENABLE_MODULES = YES;
				CLANG_ENABLE_OBJC_ARC = YES;
				CLANG_WARN_BOOL_CONVERSION = YES;
				CLANG_WARN_CONSTANT_CONVERSION = YES;
				CLANG_WARN_DIRECT_OBJC_ISA_USAGE = YES_ERROR;
				CLANG_WARN_EMPTY_BODY = YES;
				CLANG_WARN_ENUM_CONVERSION = YES;
				CLANG_WARN_INT_CONVERSION = YES;
				CLANG_WARN_OBJC_ROOT_CLASS = YES_ERROR;
				CLANG_WARN_UNREACHABLE_CODE = YES;
				CLANG_WARN__DUPLICATE_METHOD_MATCH = YES;
				"CODE_SIGN_IDENTITY[sdk=iphoneos*]" = "iPhone Developer";
				COPY_PHASE_STRIP = NO;
				ENABLE_STRICT_OBJC_MSGSEND = YES;
				GCC_C_LANGUAGE_STANDARD = gnu99;
				GCC_DYNAMIC_NO_PIC = NO;
				GCC_OPTIMIZATION_LEVEL = 0;
				GCC_PREPROCESSOR_DEFINITIONS = (
					"DEBUG=1",
					"$(inherited)",
				);
				GCC_SYMBOLS_PRIVATE_EXTERN = NO;
				GCC_WARN_64_TO_32_BIT_CONVERSION = YES;
				GCC_WARN_ABOUT_RETURN_TYPE = YES_ERROR;
				GCC_WARN_UNDECLARED_SELECTOR = YES;
				GCC_WARN_UNINITIALIZED_AUTOS = YES_AGGRESSIVE;
				GCC_WARN_UNUSED_FUNCTION = YES;
				GCC_WARN_UNUSED_VARIABLE = YES;
				IPHONEOS_DEPLOYMENT_TARGET = 8.1;
				MTL_ENABLE_DEBUG_INFO = YES;
				ONLY_ACTIVE_ARCH = YES;
				SDKROOT = iphoneos;
			};
			name = Debug;
		};
		910D4ADE1A1766D90014B181 /* Release */ = {
			isa = XCBuildConfiguration;
			buildSettings = {
				ALWAYS_SEARCH_USER_PATHS = NO;
				CLANG_CXX_LANGUAGE_STANDARD = "gnu++0x";
				CLANG_CXX_LIBRARY = "libc++";
				CLANG_ENABLE_MODULES = YES;
				CLANG_ENABLE_OBJC_ARC = YES;
				CLANG_WARN_BOOL_CONVERSION = YES;
				CLANG_WARN_CONSTANT_CONVERSION = YES;
				CLANG_WARN_DIRECT_OBJC_ISA_USAGE = YES_ERROR;
				CLANG_WARN_EMPTY_BODY = YES;
				CLANG_WARN_ENUM_CONVERSION = YES;
				CLANG_WARN_INT_CONVERSION = YES;
				CLANG_WARN_OBJC_ROOT_CLASS = YES_ERROR;
				CLANG_WARN_UNREACHABLE_CODE = YES;
				CLANG_WARN__DUPLICATE_METHOD_MATCH = YES;
				"CODE_SIGN_IDENTITY[sdk=iphoneos*]" = "iPhone Developer";
				COPY_PHASE_STRIP = YES;
				ENABLE_NS_ASSERTIONS = NO;
				ENABLE_STRICT_OBJC_MSGSEND = YES;
				GCC_C_LANGUAGE_STANDARD = gnu99;
				GCC_WARN_64_TO_32_BIT_CONVERSION = YES;
				GCC_WARN_ABOUT_RETURN_TYPE = YES_ERROR;
				GCC_WARN_UNDECLARED_SELECTOR = YES;
				GCC_WARN_UNINITIALIZED_AUTOS = YES_AGGRESSIVE;
				GCC_WARN_UNUSED_FUNCTION = YES;
				GCC_WARN_UNUSED_VARIABLE = YES;
				IPHONEOS_DEPLOYMENT_TARGET = 8.1;
				MTL_ENABLE_DEBUG_INFO = NO;
				SDKROOT = iphoneos;
				VALIDATE_PRODUCT = YES;
			};
			name = Release;
		};
		910D4AE01A1766D90014B181 /* Debug */ = {
			isa = XCBuildConfiguration;
			buildSettings = {
				ASSETCATALOG_COMPILER_APPICON_NAME = AppIcon;
				INFOPLIST_FILE = TestGitHub/Info.plist;
				LD_RUNPATH_SEARCH_PATHS = "$(inherited) @executable_path/Frameworks";
				PRODUCT_NAME = "$(TARGET_NAME)";
			};
			name = Debug;
		};
		910D4AE11A1766D90014B181 /* Release */ = {
			isa = XCBuildConfiguration;
			buildSettings = {
				ASSETCATALOG_COMPILER_APPICON_NAME = AppIcon;
				INFOPLIST_FILE = TestGitHub/Info.plist;
				LD_RUNPATH_SEARCH_PATHS = "$(inherited) @executable_path/Frameworks";
				PRODUCT_NAME = "$(TARGET_NAME)";
			};
			name = Release;
		};
		910D4AE31A1766D90014B181 /* Debug */ = {
			isa = XCBuildConfiguration;
			buildSettings = {
				BUNDLE_LOADER = "$(TEST_HOST)";
				FRAMEWORK_SEARCH_PATHS = (
					"$(SDKROOT)/Developer/Library/Frameworks",
					"$(inherited)",
				);
				GCC_PREPROCESSOR_DEFINITIONS = (
					"DEBUG=1",
					"$(inherited)",
				);
				INFOPLIST_FILE = TestGitHubTests/Info.plist;
				LD_RUNPATH_SEARCH_PATHS = "$(inherited) @executable_path/Frameworks @loader_path/Frameworks";
				PRODUCT_NAME = "$(TARGET_NAME)";
				TEST_HOST = "$(BUILT_PRODUCTS_DIR)/TestGitHub.app/TestGitHub";
			};
			name = Debug;
		};
		910D4AE41A1766D90014B181 /* Release */ = {
			isa = XCBuildConfiguration;
			buildSettings = {
				BUNDLE_LOADER = "$(TEST_HOST)";
				FRAMEWORK_SEARCH_PATHS = (
					"$(SDKROOT)/Developer/Library/Frameworks",
					"$(inherited)",
				);
				INFOPLIST_FILE = TestGitHubTests/Info.plist;
				LD_RUNPATH_SEARCH_PATHS = "$(inherited) @executable_path/Frameworks @loader_path/Frameworks";
				PRODUCT_NAME = "$(TARGET_NAME)";
				TEST_HOST = "$(BUILT_PRODUCTS_DIR)/TestGitHub.app/TestGitHub";
			};
			name = Release;
		};
/* End XCBuildConfiguration section */

/* Begin XCConfigurationList section */
		910D4AB41A1766D80014B181 /* Build configuration list for PBXProject "TestGitHub" */ = {
			isa = XCConfigurationList;
			buildConfigurations = (
				910D4ADD1A1766D90014B181 /* Debug */,
				910D4ADE1A1766D90014B181 /* Release */,
			);
			defaultConfigurationIsVisible = 0;
			defaultConfigurationName = Release;
		};
		910D4ADF1A1766D90014B181 /* Build configuration list for PBXNativeTarget "TestGitHub" */ = {
			isa = XCConfigurationList;
			buildConfigurations = (
				910D4AE01A1766D90014B181 /* Debug */,
				910D4AE11A1766D90014B181 /* Release */,
			);
			defaultConfigurationIsVisible = 0;
		};
		910D4AE21A1766D90014B181 /* Build configuration list for PBXNativeTarget "TestGitHubTests" */ = {
			isa = XCConfigurationList;
			buildConfigurations = (
				910D4AE31A1766D90014B181 /* Debug */,
				910D4AE41A1766D90014B181 /* Release */,
			);
			defaultConfigurationIsVisible = 0;
		};
/* End XCConfigurationList section */

/* Begin XCVersionGroup section */
		910D4AC31A1766D80014B181 /* TestGitHub.xcdatamodeld */ = {
			isa = XCVersionGroup;
			children = (
				910D4AC41A1766D80014B181 /* TestGitHub.xcdatamodel */,
			);
			currentVersion = 910D4AC41A1766D80014B181 /* TestGitHub.xcdatamodel */;
			path = TestGitHub.xcdatamodeld;
			sourceTree = "<group>";
			versionGroupType = wrapper.xcdatamodel;
		};
/* End XCVersionGroup section */
	};
	rootObject = 910D4AB11A1766D80014B181 /* Project object */;
}
